# This file was autogenerated by Stack.
# You should not edit this file by hand.
# For more information, please see the documentation at:
#   https://docs.haskellstack.org/en/stable/lock_files

packages:
- completed:
    subdir: concur-core
    cabal-file:
      size: 1239
      sha256: 6faa067cee99685b9121f3bf790775af40950d0612cca24a409764fcaec984c0
    name: concur-core
    version: 0.1.0.0
    git: https://github.com/pkamenarsky/concur.git
    pantry-tree:
      size: 728
      sha256: e9659992361f602b836c6a72f5d62baf41755c264f1e419cbfcb1a5511dcb3df
    commit: 6c6bcc07b2688182945b28f154a013eee3f624c5
  original:
    subdir: concur-core
    git: https://github.com/pkamenarsky/concur.git
    commit: 6c6bcc07b2688182945b28f154a013eee3f624c5
- completed:
    hackage: discord-haskell-1.0.0@sha256:91b4a0839c1c994eec1c77ffd0ecab387a3e46db3caf4bc949c7853bbd7fc0b7,3683
    pantry-tree:
      size: 1957
      sha256: 2541b6b62de9f64f55f88af661d7b3e2d8fd514fd4bf9730c60836a470aed180
  original:
    hackage: discord-haskell-1.0.0
- completed:
    hackage: emoji-0.1.0.2@sha256:d995572a5c7dcd28f98eb15c6e387a7b3bda1ac2477ab0d9dba8580d5d7b161f,1273
    pantry-tree:
      size: 437
      sha256: dd9ea90a631342e5db0fc21331ade4d563a685e9125d5a3989eefa8e1b96c6c6
  original:
    hackage: emoji-0.1.0.2@sha256:d995572a5c7dcd28f98eb15c6e387a7b3bda1ac2477ab0d9dba8580d5d7b161f,1273
snapshots:
- completed:
    size: 500539
    url: https://raw.githubusercontent.com/commercialhaskell/stackage-snapshots/master/lts/13/29.yaml
    sha256: 006398c5e92d1d64737b7e98ae4d63987c36808814504d1451f56ebd98093f75
  original: lts-13.29
