# This file was autogenerated by Stack.
# You should not edit this file by hand.
# For more information, please see the documentation at:
#   https://docs.haskellstack.org/en/stable/lock_files

packages:
- completed:
    hackage: emoji-0.1.0.2@sha256:d995572a5c7dcd28f98eb15c6e387a7b3bda1ac2477ab0d9dba8580d5d7b161f,1273
    pantry-tree:
      size: 437
      sha256: dd9ea90a631342e5db0fc21331ade4d563a685e9125d5a3989eefa8e1b96c6c6
  original:
    hackage: emoji-0.1.0.2@sha256:d995572a5c7dcd28f98eb15c6e387a7b3bda1ac2477ab0d9dba8580d5d7b161f,1273
- completed:
    hackage: hex-text-0.1.0.0@sha256:52dc2cf5ce45f7d86ea5e56e2ac57820f788c10bbb3fe83f6d57e678a426305b,1072
    pantry-tree:
      size: 314
      sha256: 84ce6d618602d39e89e28b1a9cc41f0def4786d7046ac0a742557b5ab5381466
  original:
    hackage: hex-text-0.1.0.0@sha256:52dc2cf5ce45f7d86ea5e56e2ac57820f788c10bbb3fe83f6d57e678a426305b,1072
- completed:
    hackage: chronos-1.0.6@sha256:ff7399115163d345d24bdb98ed3e83042bb5eca901c7a6230c3d08727330ce94,3792
    pantry-tree:
      size: 636
      sha256: 27f10b41e45edebe1884c2276480816f0ca910749b8b803633f228d37cbaf462
  original:
    hackage: chronos-1.0.6@sha256:ff7399115163d345d24bdb98ed3e83042bb5eca901c7a6230c3d08727330ce94,3792
- completed:
    hackage: torsor-0.1@sha256:9c6f152650322357bee013a224d9d7ec8e8ae9fe32d8cee45f1431c49b0129e2,558
    pantry-tree:
      size: 249
      sha256: 1cdb29bac471904bed3f44281a943929e696f696b9d2a43cce7d991b2cd9403b
  original:
    hackage: torsor-0.1@sha256:9c6f152650322357bee013a224d9d7ec8e8ae9fe32d8cee45f1431c49b0129e2,558
snapshots:
- completed:
    size: 500539
    url: https://raw.githubusercontent.com/commercialhaskell/stackage-snapshots/master/lts/13/29.yaml
    sha256: 006398c5e92d1d64737b7e98ae4d63987c36808814504d1451f56ebd98093f75
  original: lts-13.29
